{
    "name": "ar-designer-deployer",
    "version": "0.0.1",
    "lockfileVersion": 2,
    "requires": true,
    "packages": {
        "": {
            "name": "ar-designer-deployer",
            "version": "0.0.1",
            "license": "MIT",
            "devDependencies": {
                "@grapecity/ar-designer": "17.1.0-alpha-354",
                "@grapecity/ar-viewer": "17.1.0-alpha-356",
                "ncp": "^2.0.0"
            }
        },
        "node_modules/@grapecity/ar-designer": {
            "version": "17.1.0-alpha-354",
            "resolved": "http://npm.grapecitydev.com/@grapecity%2far-designer/-/ar-designer-17.1.0-alpha-354.tgz",
            "integrity": "sha512-SS4PHjZHD5uMS8N8d5rIxB8JOLnkEXzPXnqzBIC/lRDrKWQFTEn0VEw5oAR9ZnTonvx1LFkVLuJFiGh3iDTJVg==",
            "dev": true,
            "license": "ISC"
        },
        "node_modules/@grapecity/ar-viewer": {
            "version": "17.1.0-alpha-356",
            "resolved": "http://npm.grapecitydev.com/@grapecity%2far-viewer/-/ar-viewer-17.1.0-alpha-356.tgz",
            "integrity": "sha512-umX+bkzS+lUiN4SuECUmIyXrHXhptRA4DyRsLjP9Ooa7dMjC0dOmFV6Z6wwdxSDxtsAJyDHtyRlkJWhfuyTT7A==",
            "dev": true,
            "license": "Commercial"
        },
        "node_modules/ncp": {
            "version": "2.0.0",
            "resolved": "http://npm.grapecitydev.com/ncp/-/ncp-2.0.0.tgz",
            "integrity": "sha1-GVoh1sRuNh0vsSgbo4uR6d9727M=",
            "dev": true,
            "license": "MIT",
            "bin": {
                "ncp": "bin/ncp"
            }
        }
    },
    "dependencies": {
        "@grapecity/ar-designer": {
            "version": "17.1.0-alpha-354",
            "resolved": "http://npm.grapecitydev.com/@grapecity%2far-designer/-/ar-designer-17.1.0-alpha-354.tgz",
            "integrity": "sha512-SS4PHjZHD5uMS8N8d5rIxB8JOLnkEXzPXnqzBIC/lRDrKWQFTEn0VEw5oAR9ZnTonvx1LFkVLuJFiGh3iDTJVg==",
            "dev": true
        },
        "@grapecity/ar-viewer": {
            "version": "17.1.0-alpha-356",
            "resolved": "http://npm.grapecitydev.com/@grapecity%2far-viewer/-/ar-viewer-17.1.0-alpha-356.tgz",
            "integrity": "sha512-umX+bkzS+lUiN4SuECUmIyXrHXhptRA4DyRsLjP9Ooa7dMjC0dOmFV6Z6wwdxSDxtsAJyDHtyRlkJWhfuyTT7A==",
            "dev": true
        },
        "ncp": {
            "version": "2.0.0",
            "resolved": "http://npm.grapecitydev.com/ncp/-/ncp-2.0.0.tgz",
            "integrity": "sha1-GVoh1sRuNh0vsSgbo4uR6d9727M=",
            "dev": true
        }
    }
}
